
Microsoft Visual Studio Solution File, Format Version 12.00
# Visual Studio Version 16
VisualStudioVersion = 16.0.31729.503
MinimumVisualStudioVersion = 10.0.40219.1
Project("{FAE04EC0-301F-11D3-BF4B-00C04F79EFBC}") = "201902027_Final_Odevi", "201902027_Final_Odevi.csproj", "{377D8479-1B60-4643-85F8-0D1619C14BB6}"
EndProject
Global
	GlobalSection(SolutionConfigurationPlatforms) = preSolution
		Debug|Any CPU = Debug|Any CPU
		Release|Any CPU = Release|Any CPU
	EndGlobalSection
	GlobalSection(ProjectConfigurationPlatforms) = postSolution
		{377D8479-1B60-4643-85F8-0D1619C14BB6}.Debug|Any CPU.ActiveCfg = Debug|Any CPU
		{377D8479-1B60-4643-85F8-0D1619C14BB6}.Debug|Any CPU.Build.0 = Debug|Any CPU
		{377D8479-1B60-4643-85F8-0D1619C14BB6}.Release|Any CPU.ActiveCfg = Release|Any CPU
		{377D8479-1B60-4643-85F8-0D1619C14BB6}.Release|Any CPU.Build.0 = Release|Any CPU
	EndGlobalSection
	GlobalSection(SolutionProperties) = preSolution
		HideSolutionNode = FALSE
	EndGlobalSection
	GlobalSection(ExtensibilityGlobals) = postSolution
		SolutionGuid = {0F18B87C-3FF6-4880-832E-EE28B9BD0BAB}
	EndGlobalSection
EndGlobal
